
Microsoft Visual Studio Solution File, Format Version 12.00
# Visual Studio for Mac
Project("{FAE04EC0-301F-11D3-BF4B-00C04F79EFBC}") = "Assembly-CSharp", "Assembly-CSharp.csproj", "{A485A1A2-DE5C-ACB9-4D49-FC7B439EF7F4}"
EndProject
Project("{FAE04EC0-301F-11D3-BF4B-00C04F79EFBC}") = "Assembly-CSharp-Editor", "Assembly-CSharp-Editor.csproj", "{FEF1E7B4-32D2-26FA-8D25-69B168D2973C}"
EndProject
Global
	GlobalSection(SolutionConfigurationPlatforms) = preSolution
		Debug|Any CPU = Debug|Any CPU
		Release|Any CPU = Release|Any CPU
	EndGlobalSection
	GlobalSection(ProjectConfigurationPlatforms) = postSolution
		{A485A1A2-DE5C-ACB9-4D49-FC7B439EF7F4}.Debug|Any CPU.ActiveCfg = Debug|Any CPU
		{A485A1A2-DE5C-ACB9-4D49-FC7B439EF7F4}.Debug|Any CPU.Build.0 = Debug|Any CPU
		{A485A1A2-DE5C-ACB9-4D49-FC7B439EF7F4}.Release|Any CPU.ActiveCfg = Release|Any CPU
		{A485A1A2-DE5C-ACB9-4D49-FC7B439EF7F4}.Release|Any CPU.Build.0 = Release|Any CPU
		{FEF1E7B4-32D2-26FA-8D25-69B168D2973C}.Debug|Any CPU.ActiveCfg = Debug|Any CPU
		{FEF1E7B4-32D2-26FA-8D25-69B168D2973C}.Debug|Any CPU.Build.0 = Debug|Any CPU
		{FEF1E7B4-32D2-26FA-8D25-69B168D2973C}.Release|Any CPU.ActiveCfg = Release|Any CPU
		{FEF1E7B4-32D2-26FA-8D25-69B168D2973C}.Release|Any CPU.Build.0 = Release|Any CPU
	EndGlobalSection
	GlobalSection(SolutionProperties) = preSolution
		HideSolutionNode = FALSE
	EndGlobalSection
EndGlobal
